
Microsoft Visual Studio Solution File, Format Version 12.00
Project("{FAE04EC0-301F-11D3-BF4B-00C04F79EFBC}") = "Box-Factory-Assignment", "Box-Factory-Assignment.csproj", "{E63D0C36-9445-43E3-8A45-E99E5AEBD41F}"
EndProject
Global
	GlobalSection(SolutionConfigurationPlatforms) = preSolution
		Debug|Any CPU = Debug|Any CPU
		Release|Any CPU = Release|Any CPU
	EndGlobalSection
	GlobalSection(ProjectConfigurationPlatforms) = postSolution
		{E63D0C36-9445-43E3-8A45-E99E5AEBD41F}.Debug|Any CPU.ActiveCfg = Debug|Any CPU
		{E63D0C36-9445-43E3-8A45-E99E5AEBD41F}.Debug|Any CPU.Build.0 = Debug|Any CPU
		{E63D0C36-9445-43E3-8A45-E99E5AEBD41F}.Release|Any CPU.ActiveCfg = Release|Any CPU
		{E63D0C36-9445-43E3-8A45-E99E5AEBD41F}.Release|Any CPU.Build.0 = Release|Any CPU
	EndGlobalSection
EndGlobal
